
Microsoft Visual Studio Solution File, Format Version 12.00
# Visual Studio Version 17
VisualStudioVersion = 17.7.34031.279
MinimumVisualStudioVersion = 10.0.40219.1
Project("{FAE04EC0-301F-11D3-BF4B-00C04F79EFBC}") = "WhiteLagoon.Application", "WhiteLagoon.Application\WhiteLagoon.Application.csproj", "{218BF338-BCEC-46CA-860A-D52B04FD227A}"
EndProject
Project("{FAE04EC0-301F-11D3-BF4B-00C04F79EFBC}") = "WhiteLagoon.Domain", "WhiteLagoon.Domain\WhiteLagoon.Domain.csproj", "{CD0ACFF2-BF83-4D9F-9EB6-7A2C315D1D40}"
EndProject
Project("{FAE04EC0-301F-11D3-BF4B-00C04F79EFBC}") = "WhiteLagoon.Infrastructure", "WhiteLagoon.Infrastructure\WhiteLagoon.Infrastructure.csproj", "{BD1AEEEF-1952-4E97-BBB6-A35129437401}"
EndProject
Project("{FAE04EC0-301F-11D3-BF4B-00C04F79EFBC}") = "WhiteLagoon.Web", "WhiteLagoon.Web\WhiteLagoon.Web.csproj", "{3EE82E76-9359-431C-A1EC-D94FA6EFC80B}"
EndProject
Global
	GlobalSection(SolutionConfigurationPlatforms) = preSolution
		Debug|Any CPU = Debug|Any CPU
		Release|Any CPU = Release|Any CPU
	EndGlobalSection
	GlobalSection(ProjectConfigurationPlatforms) = postSolution
		{218BF338-BCEC-46CA-860A-D52B04FD227A}.Debug|Any CPU.ActiveCfg = Debug|Any CPU
		{218BF338-BCEC-46CA-860A-D52B04FD227A}.Debug|Any CPU.Build.0 = Debug|Any CPU
		{218BF338-BCEC-46CA-860A-D52B04FD227A}.Release|Any CPU.ActiveCfg = Release|Any CPU
		{218BF338-BCEC-46CA-860A-D52B04FD227A}.Release|Any CPU.Build.0 = Release|Any CPU
		{CD0ACFF2-BF83-4D9F-9EB6-7A2C315D1D40}.Debug|Any CPU.ActiveCfg = Debug|Any CPU
		{CD0ACFF2-BF83-4D9F-9EB6-7A2C315D1D40}.Debug|Any CPU.Build.0 = Debug|Any CPU
		{CD0ACFF2-BF83-4D9F-9EB6-7A2C315D1D40}.Release|Any CPU.ActiveCfg = Release|Any CPU
		{CD0ACFF2-BF83-4D9F-9EB6-7A2C315D1D40}.Release|Any CPU.Build.0 = Release|Any CPU
		{BD1AEEEF-1952-4E97-BBB6-A35129437401}.Debug|Any CPU.ActiveCfg = Debug|Any CPU
		{BD1AEEEF-1952-4E97-BBB6-A35129437401}.Debug|Any CPU.Build.0 = Debug|Any CPU
		{BD1AEEEF-1952-4E97-BBB6-A35129437401}.Release|Any CPU.ActiveCfg = Release|Any CPU
		{BD1AEEEF-1952-4E97-BBB6-A35129437401}.Release|Any CPU.Build.0 = Release|Any CPU
		{3EE82E76-9359-431C-A1EC-D94FA6EFC80B}.Debug|Any CPU.ActiveCfg = Debug|Any CPU
		{3EE82E76-9359-431C-A1EC-D94FA6EFC80B}.Debug|Any CPU.Build.0 = Debug|Any CPU
		{3EE82E76-9359-431C-A1EC-D94FA6EFC80B}.Release|Any CPU.ActiveCfg = Release|Any CPU
		{3EE82E76-9359-431C-A1EC-D94FA6EFC80B}.Release|Any CPU.Build.0 = Release|Any CPU
	EndGlobalSection
	GlobalSection(SolutionProperties) = preSolution
		HideSolutionNode = FALSE
	EndGlobalSection
	GlobalSection(ExtensibilityGlobals) = postSolution
		SolutionGuid = {B207C6B8-53B6-4108-828A-FDE5C503F713}
	EndGlobalSection
EndGlobal
